
Microsoft Visual Studio Solution File, Format Version 12.00
# Visual Studio Version 16
VisualStudioVersion = 16.0.33423.256
MinimumVisualStudioVersion = 10.0.40219.1
Project("{9A19103F-16F7-4668-BE54-9A1E7A4F7556}") = "Contacts.Models", "Contacts.Models\Contacts.Models.csproj", "{2EAC1805-66D5-4DA5-AD22-DA4A30C8F12E}"
EndProject
Project("{9A19103F-16F7-4668-BE54-9A1E7A4F7556}") = "Contacts.Api", "Contacts.Api\Contacts.Api.csproj", "{41B83E94-8063-4F54-B01B-C5AC0FD8EB9B}"
EndProject
Project("{FAE04EC0-301F-11D3-BF4B-00C04F79EFBC}") = "Contacts.Client", "Contacts.Client\Contacts.Client.csproj", "{6B63018C-3629-447A-8F86-54666B6948A2}"
EndProject
Global
	GlobalSection(SolutionConfigurationPlatforms) = preSolution
		Debug|Any CPU = Debug|Any CPU
		Release|Any CPU = Release|Any CPU
	EndGlobalSection
	GlobalSection(ProjectConfigurationPlatforms) = postSolution
		{2EAC1805-66D5-4DA5-AD22-DA4A30C8F12E}.Debug|Any CPU.ActiveCfg = Debug|Any CPU
		{2EAC1805-66D5-4DA5-AD22-DA4A30C8F12E}.Debug|Any CPU.Build.0 = Debug|Any CPU
		{2EAC1805-66D5-4DA5-AD22-DA4A30C8F12E}.Release|Any CPU.ActiveCfg = Release|Any CPU
		{2EAC1805-66D5-4DA5-AD22-DA4A30C8F12E}.Release|Any CPU.Build.0 = Release|Any CPU
		{41B83E94-8063-4F54-B01B-C5AC0FD8EB9B}.Debug|Any CPU.ActiveCfg = Debug|Any CPU
		{41B83E94-8063-4F54-B01B-C5AC0FD8EB9B}.Debug|Any CPU.Build.0 = Debug|Any CPU
		{41B83E94-8063-4F54-B01B-C5AC0FD8EB9B}.Release|Any CPU.ActiveCfg = Release|Any CPU
		{41B83E94-8063-4F54-B01B-C5AC0FD8EB9B}.Release|Any CPU.Build.0 = Release|Any CPU
		{6B63018C-3629-447A-8F86-54666B6948A2}.Debug|Any CPU.ActiveCfg = Debug|Any CPU
		{6B63018C-3629-447A-8F86-54666B6948A2}.Debug|Any CPU.Build.0 = Debug|Any CPU
		{6B63018C-3629-447A-8F86-54666B6948A2}.Release|Any CPU.ActiveCfg = Release|Any CPU
		{6B63018C-3629-447A-8F86-54666B6948A2}.Release|Any CPU.Build.0 = Release|Any CPU
	EndGlobalSection
	GlobalSection(SolutionProperties) = preSolution
		HideSolutionNode = FALSE
	EndGlobalSection
	GlobalSection(ExtensibilityGlobals) = postSolution
		SolutionGuid = {A3B9BAA0-7B80-4C1B-9989-C01B8F7EA3F2}
	EndGlobalSection
EndGlobal
